
Microsoft Visual Studio Solution File, Format Version 11.00
# Visual Studio 2010
Project("{FAE04EC0-301F-11D3-BF4B-00C04F79EFBC}") = "Wave", "Wave.csproj", "{7A1FB5CF-E661-4E0F-A6DD-41063F80EEFC}"
EndProject
Global
	GlobalSection(SolutionConfigurationPlatforms) = preSolution
		Debug|Any CPU = Debug|Any CPU
		Release|Any CPU = Release|Any CPU
	EndGlobalSection
	GlobalSection(ProjectConfigurationPlatforms) = postSolution
		{7A1FB5CF-E661-4E0F-A6DD-41063F80EEFC}.Debug|Any CPU.ActiveCfg = Debug|Any CPU
		{7A1FB5CF-E661-4E0F-A6DD-41063F80EEFC}.Debug|Any CPU.Build.0 = Debug|Any CPU
		{7A1FB5CF-E661-4E0F-A6DD-41063F80EEFC}.Release|Any CPU.ActiveCfg = Release|Any CPU
		{7A1FB5CF-E661-4E0F-A6DD-41063F80EEFC}.Release|Any CPU.Build.0 = Release|Any CPU
	EndGlobalSection
	GlobalSection(SolutionProperties) = preSolution
		HideSolutionNode = FALSE
	EndGlobalSection
EndGlobal
